
Microsoft Visual Studio Solution File, Format Version 12.00
# Visual Studio Version 16
VisualStudioVersion = 16.0.31005.135
MinimumVisualStudioVersion = 10.0.40219.1
Project("{FAE04EC0-301F-11D3-BF4B-00C04F79EFBC}") = "PostApp", "PostApp\PostApp.csproj", "{C2D9B69F-9F4B-4B9B-A034-0398B98D8FEF}"
EndProject
Global
	GlobalSection(SolutionConfigurationPlatforms) = preSolution
		Debug|Any CPU = Debug|Any CPU
		Release|Any CPU = Release|Any CPU
	EndGlobalSection
	GlobalSection(ProjectConfigurationPlatforms) = postSolution
		{C2D9B69F-9F4B-4B9B-A034-0398B98D8FEF}.Debug|Any CPU.ActiveCfg = Debug|Any CPU
		{C2D9B69F-9F4B-4B9B-A034-0398B98D8FEF}.Debug|Any CPU.Build.0 = Debug|Any CPU
		{C2D9B69F-9F4B-4B9B-A034-0398B98D8FEF}.Release|Any CPU.ActiveCfg = Release|Any CPU
		{C2D9B69F-9F4B-4B9B-A034-0398B98D8FEF}.Release|Any CPU.Build.0 = Release|Any CPU
	EndGlobalSection
	GlobalSection(SolutionProperties) = preSolution
		HideSolutionNode = FALSE
	EndGlobalSection
	GlobalSection(ExtensibilityGlobals) = postSolution
		SolutionGuid = {8334C024-C545-48C9-8A6D-1535E61D0B55}
	EndGlobalSection
EndGlobal
